
Microsoft Visual Studio Solution File, Format Version 12.00
# Visual Studio 2013
VisualStudioVersion = 12.0.40629.0
MinimumVisualStudioVersion = 10.0.40219.1
Project("{8BC9CEB8-8B4A-11D0-8D11-00A0C91BC942}") = "SimpleSmartpointers", "SimpleSmartpointers\SimpleSmartpointers.vcxproj", "{B1FA72A7-4FD3-4193-A532-EAB4C550F4EE}"
EndProject
Project("{8BC9CEB8-8B4A-11D0-8D11-00A0C91BC942}") = "DataCollector", "DataCollector\DataCollector.vcxproj", "{80CD5043-E6D3-440E-A9A5-0E6C633B6283}"
EndProject
Project("{8BC9CEB8-8B4A-11D0-8D11-00A0C91BC942}") = "UnitTest1", "UnitTest1\UnitTest1.vcxproj", "{00F592FC-A7D4-4D6D-8CB8-E170EC2CFB7E}"
EndProject
Project("{8BC9CEB8-8B4A-11D0-8D11-00A0C91BC942}") = "SimpleFuture", "SimpleFuture\SimpleFuture.vcxproj", "{7883CD2D-D125-4C12-9E70-30F4E91A5805}"
EndProject
Project("{8BC9CEB8-8B4A-11D0-8D11-00A0C91BC942}") = "ExceptionHandling", "ExceptionHandling\ExceptionHandling.vcxproj", "{5566B7BF-44E6-4EA2-9919-D2ED6EDE6A02}"
EndProject
Global
	GlobalSection(SolutionConfigurationPlatforms) = preSolution
		Debug|Win32 = Debug|Win32
		Release|Win32 = Release|Win32
	EndGlobalSection
	GlobalSection(ProjectConfigurationPlatforms) = postSolution
		{B1FA72A7-4FD3-4193-A532-EAB4C550F4EE}.Debug|Win32.ActiveCfg = Debug|Win32
		{B1FA72A7-4FD3-4193-A532-EAB4C550F4EE}.Debug|Win32.Build.0 = Debug|Win32
		{B1FA72A7-4FD3-4193-A532-EAB4C550F4EE}.Release|Win32.ActiveCfg = Release|Win32
		{B1FA72A7-4FD3-4193-A532-EAB4C550F4EE}.Release|Win32.Build.0 = Release|Win32
		{80CD5043-E6D3-440E-A9A5-0E6C633B6283}.Debug|Win32.ActiveCfg = Debug|Win32
		{80CD5043-E6D3-440E-A9A5-0E6C633B6283}.Debug|Win32.Build.0 = Debug|Win32
		{80CD5043-E6D3-440E-A9A5-0E6C633B6283}.Release|Win32.ActiveCfg = Release|Win32
		{80CD5043-E6D3-440E-A9A5-0E6C633B6283}.Release|Win32.Build.0 = Release|Win32
		{00F592FC-A7D4-4D6D-8CB8-E170EC2CFB7E}.Debug|Win32.ActiveCfg = Debug|Win32
		{00F592FC-A7D4-4D6D-8CB8-E170EC2CFB7E}.Debug|Win32.Build.0 = Debug|Win32
		{00F592FC-A7D4-4D6D-8CB8-E170EC2CFB7E}.Release|Win32.ActiveCfg = Release|Win32
		{00F592FC-A7D4-4D6D-8CB8-E170EC2CFB7E}.Release|Win32.Build.0 = Release|Win32
		{7883CD2D-D125-4C12-9E70-30F4E91A5805}.Debug|Win32.ActiveCfg = Debug|Win32
		{7883CD2D-D125-4C12-9E70-30F4E91A5805}.Debug|Win32.Build.0 = Debug|Win32
		{7883CD2D-D125-4C12-9E70-30F4E91A5805}.Release|Win32.ActiveCfg = Release|Win32
		{7883CD2D-D125-4C12-9E70-30F4E91A5805}.Release|Win32.Build.0 = Release|Win32
		{5566B7BF-44E6-4EA2-9919-D2ED6EDE6A02}.Debug|Win32.ActiveCfg = Debug|Win32
		{5566B7BF-44E6-4EA2-9919-D2ED6EDE6A02}.Debug|Win32.Build.0 = Debug|Win32
		{5566B7BF-44E6-4EA2-9919-D2ED6EDE6A02}.Release|Win32.ActiveCfg = Release|Win32
		{5566B7BF-44E6-4EA2-9919-D2ED6EDE6A02}.Release|Win32.Build.0 = Release|Win32
	EndGlobalSection
	GlobalSection(SolutionProperties) = preSolution
		HideSolutionNode = FALSE
	EndGlobalSection
EndGlobal
