
Microsoft Visual Studio Solution File, Format Version 12.00
# Visual Studio 2013
VisualStudioVersion = 12.0.40629.0
MinimumVisualStudioVersion = 10.0.40219.1
Project("{8BC9CEB8-8B4A-11D0-8D11-00A0C91BC942}") = "20160412_Day2", "20160412_Day2\20160412_Day2.vcxproj", "{088A5C12-FEBB-4912-80B5-E3D1C6EB499B}"
EndProject
Project("{8BC9CEB8-8B4A-11D0-8D11-00A0C91BC942}") = "Pointers", "Pointers\Pointers.vcxproj", "{BFAB08A7-F3EB-47DA-A28B-B62C5ACF0D1F}"
EndProject
Project("{8BC9CEB8-8B4A-11D0-8D11-00A0C91BC942}") = "FunctionPointer", "FunctionPointer\FunctionPointer.vcxproj", "{07C7C66D-F4C9-4529-BA25-685838B2FB1D}"
EndProject
Project("{8BC9CEB8-8B4A-11D0-8D11-00A0C91BC942}") = "CallbackFunction", "CallbackFunction\CallbackFunction.vcxproj", "{038F74B3-EF9A-4A3E-81A9-AB86D91BE415}"
EndProject
Project("{8BC9CEB8-8B4A-11D0-8D11-00A0C91BC942}") = "DynamicMemory", "DynamicMemory\DynamicMemory.vcxproj", "{67572E7B-E3E3-4B6C-AFEF-A69F9136C420}"
EndProject
Project("{8BC9CEB8-8B4A-11D0-8D11-00A0C91BC942}") = "DataStructures", "DataStructures\DataStructures.vcxproj", "{02AD0302-CC34-4BD0-BCF3-3C7ECE79463C}"
EndProject
Project("{8BC9CEB8-8B4A-11D0-8D11-00A0C91BC942}") = "AnotherTypes", "AnotherTypes\AnotherTypes.vcxproj", "{0ECAF530-4F34-4B50-B41C-49B839302B2B}"
EndProject
Project("{8BC9CEB8-8B4A-11D0-8D11-00A0C91BC942}") = "Classes1", "Classes1\Classes1.vcxproj", "{6991D4DD-0A5A-4518-B148-385A1433C2F7}"
EndProject
Project("{8BC9CEB8-8B4A-11D0-8D11-00A0C91BC942}") = "Classes2", "Classes2\Classes2.vcxproj", "{E2C429FB-3CC0-4761-80B8-9B835C20E85C}"
EndProject
Project("{8BC9CEB8-8B4A-11D0-8D11-00A0C91BC942}") = "FriendFunctions", "FriendFunctions\FriendFunctions.vcxproj", "{8C65E862-599D-4870-B157-BDAB7A545196}"
EndProject
Project("{8BC9CEB8-8B4A-11D0-8D11-00A0C91BC942}") = "SimpleInheritance", "SimpleInheritance\SimpleInheritance.vcxproj", "{D6017B6D-DECD-4AD0-B537-B5A79490BA95}"
EndProject
Global
	GlobalSection(SolutionConfigurationPlatforms) = preSolution
		Debug|Win32 = Debug|Win32
		Release|Win32 = Release|Win32
	EndGlobalSection
	GlobalSection(ProjectConfigurationPlatforms) = postSolution
		{088A5C12-FEBB-4912-80B5-E3D1C6EB499B}.Debug|Win32.ActiveCfg = Debug|Win32
		{088A5C12-FEBB-4912-80B5-E3D1C6EB499B}.Debug|Win32.Build.0 = Debug|Win32
		{088A5C12-FEBB-4912-80B5-E3D1C6EB499B}.Release|Win32.ActiveCfg = Release|Win32
		{088A5C12-FEBB-4912-80B5-E3D1C6EB499B}.Release|Win32.Build.0 = Release|Win32
		{BFAB08A7-F3EB-47DA-A28B-B62C5ACF0D1F}.Debug|Win32.ActiveCfg = Debug|Win32
		{BFAB08A7-F3EB-47DA-A28B-B62C5ACF0D1F}.Debug|Win32.Build.0 = Debug|Win32
		{BFAB08A7-F3EB-47DA-A28B-B62C5ACF0D1F}.Release|Win32.ActiveCfg = Release|Win32
		{BFAB08A7-F3EB-47DA-A28B-B62C5ACF0D1F}.Release|Win32.Build.0 = Release|Win32
		{07C7C66D-F4C9-4529-BA25-685838B2FB1D}.Debug|Win32.ActiveCfg = Debug|Win32
		{07C7C66D-F4C9-4529-BA25-685838B2FB1D}.Debug|Win32.Build.0 = Debug|Win32
		{07C7C66D-F4C9-4529-BA25-685838B2FB1D}.Release|Win32.ActiveCfg = Release|Win32
		{07C7C66D-F4C9-4529-BA25-685838B2FB1D}.Release|Win32.Build.0 = Release|Win32
		{038F74B3-EF9A-4A3E-81A9-AB86D91BE415}.Debug|Win32.ActiveCfg = Debug|Win32
		{038F74B3-EF9A-4A3E-81A9-AB86D91BE415}.Debug|Win32.Build.0 = Debug|Win32
		{038F74B3-EF9A-4A3E-81A9-AB86D91BE415}.Release|Win32.ActiveCfg = Release|Win32
		{038F74B3-EF9A-4A3E-81A9-AB86D91BE415}.Release|Win32.Build.0 = Release|Win32
		{67572E7B-E3E3-4B6C-AFEF-A69F9136C420}.Debug|Win32.ActiveCfg = Debug|Win32
		{67572E7B-E3E3-4B6C-AFEF-A69F9136C420}.Debug|Win32.Build.0 = Debug|Win32
		{67572E7B-E3E3-4B6C-AFEF-A69F9136C420}.Release|Win32.ActiveCfg = Release|Win32
		{67572E7B-E3E3-4B6C-AFEF-A69F9136C420}.Release|Win32.Build.0 = Release|Win32
		{02AD0302-CC34-4BD0-BCF3-3C7ECE79463C}.Debug|Win32.ActiveCfg = Debug|Win32
		{02AD0302-CC34-4BD0-BCF3-3C7ECE79463C}.Debug|Win32.Build.0 = Debug|Win32
		{02AD0302-CC34-4BD0-BCF3-3C7ECE79463C}.Release|Win32.ActiveCfg = Release|Win32
		{02AD0302-CC34-4BD0-BCF3-3C7ECE79463C}.Release|Win32.Build.0 = Release|Win32
		{0ECAF530-4F34-4B50-B41C-49B839302B2B}.Debug|Win32.ActiveCfg = Debug|Win32
		{0ECAF530-4F34-4B50-B41C-49B839302B2B}.Debug|Win32.Build.0 = Debug|Win32
		{0ECAF530-4F34-4B50-B41C-49B839302B2B}.Release|Win32.ActiveCfg = Release|Win32
		{0ECAF530-4F34-4B50-B41C-49B839302B2B}.Release|Win32.Build.0 = Release|Win32
		{6991D4DD-0A5A-4518-B148-385A1433C2F7}.Debug|Win32.ActiveCfg = Debug|Win32
		{6991D4DD-0A5A-4518-B148-385A1433C2F7}.Debug|Win32.Build.0 = Debug|Win32
		{6991D4DD-0A5A-4518-B148-385A1433C2F7}.Release|Win32.ActiveCfg = Release|Win32
		{6991D4DD-0A5A-4518-B148-385A1433C2F7}.Release|Win32.Build.0 = Release|Win32
		{E2C429FB-3CC0-4761-80B8-9B835C20E85C}.Debug|Win32.ActiveCfg = Debug|Win32
		{E2C429FB-3CC0-4761-80B8-9B835C20E85C}.Debug|Win32.Build.0 = Debug|Win32
		{E2C429FB-3CC0-4761-80B8-9B835C20E85C}.Release|Win32.ActiveCfg = Release|Win32
		{E2C429FB-3CC0-4761-80B8-9B835C20E85C}.Release|Win32.Build.0 = Release|Win32
		{8C65E862-599D-4870-B157-BDAB7A545196}.Debug|Win32.ActiveCfg = Debug|Win32
		{8C65E862-599D-4870-B157-BDAB7A545196}.Debug|Win32.Build.0 = Debug|Win32
		{8C65E862-599D-4870-B157-BDAB7A545196}.Release|Win32.ActiveCfg = Release|Win32
		{8C65E862-599D-4870-B157-BDAB7A545196}.Release|Win32.Build.0 = Release|Win32
		{D6017B6D-DECD-4AD0-B537-B5A79490BA95}.Debug|Win32.ActiveCfg = Debug|Win32
		{D6017B6D-DECD-4AD0-B537-B5A79490BA95}.Debug|Win32.Build.0 = Debug|Win32
		{D6017B6D-DECD-4AD0-B537-B5A79490BA95}.Release|Win32.ActiveCfg = Release|Win32
		{D6017B6D-DECD-4AD0-B537-B5A79490BA95}.Release|Win32.Build.0 = Release|Win32
	EndGlobalSection
	GlobalSection(SolutionProperties) = preSolution
		HideSolutionNode = FALSE
	EndGlobalSection
EndGlobal
